
Microsoft Visual Studio Solution File, Format Version 12.00
# Visual Studio 15
VisualStudioVersion = 15.0.28307.168
MinimumVisualStudioVersion = 10.0.40219.1
Project("{FAE04EC0-301F-11D3-BF4B-00C04F79EFBC}") = "ЛР1", "ЛР1\ЛР1.csproj", "{777A6622-AF67-48BC-AC15-CF497C64224E}"
EndProject
Global
	GlobalSection(SolutionConfigurationPlatforms) = preSolution
		Debug|Any CPU = Debug|Any CPU
		Release|Any CPU = Release|Any CPU
	EndGlobalSection
	GlobalSection(ProjectConfigurationPlatforms) = postSolution
		{777A6622-AF67-48BC-AC15-CF497C64224E}.Debug|Any CPU.ActiveCfg = Debug|Any CPU
		{777A6622-AF67-48BC-AC15-CF497C64224E}.Debug|Any CPU.Build.0 = Debug|Any CPU
		{777A6622-AF67-48BC-AC15-CF497C64224E}.Release|Any CPU.ActiveCfg = Release|Any CPU
		{777A6622-AF67-48BC-AC15-CF497C64224E}.Release|Any CPU.Build.0 = Release|Any CPU
	EndGlobalSection
	GlobalSection(SolutionProperties) = preSolution
		HideSolutionNode = FALSE
	EndGlobalSection
	GlobalSection(ExtensibilityGlobals) = postSolution
		SolutionGuid = {9F82D9F6-7E44-419A-8072-E19B513B768C}
	EndGlobalSection
EndGlobal
